{
  "nodes": {
    "darwin": {
      "inputs": {
        "nixpkgs": [
          "nixpkgs"
        ]
      },
      "locked": {
        "lastModified": 1687517837,
        "narHash": "sha256-Ea+JTy6NSf+wWIFrgC8gnOnyt01xwmtDEn2KecvaBkg=",
        "owner": "lnl7",
        "repo": "nix-darwin",
        "rev": "6460468e7a3e1290f132fee4170ebeaa127f6f32",
        "type": "github"
      },
      "original": {
        "owner": "lnl7",
        "ref": "master",
        "repo": "nix-darwin",
        "type": "github"
      }
    },
    "nixpkgs": {
      "locked": {
        "lastModified": 1687489123,
        "narHash": "sha256-SjLfNT5X/1+4RrDpsyD/J9usnf9N7xoN2u+HMVqKSSQ=",
        "owner": "nixos",
        "repo": "nixpkgs",
        "rev": "fc541b860a2890aac7f0c6fc43a86d43080f631a",
        "type": "github"
      },
      "original": {
        "owner": "nixos",
        "ref": "nixpkgs-23.05-darwin",
        "repo": "nixpkgs",
        "type": "github"
      }
    },
    "root": {
      "inputs": {
        "darwin": "darwin",
        "nixpkgs": "nixpkgs"
      }
    }
  },
  "root": "root",
  "version": 7
}
